github.com/ntBre/chemutils v0.0.0-20200626203535-c0ac2f11e601 h1:uqUykt2rilJjKM/zTIVov7y7Mrr5vcThmclTEdZHm4c=
github.com/ntBre/chemutils v0.0.0-20200626203535-c0ac2f11e601/go.mod h1:p2wa+hiVBWuoZ4IcwmatZaDKHVAecZRAx7ExBNYPBsw=
github.com/ntBre/chemutils v0.0.0-20200708145032-7141dea4c413 h1:EX4iRjYuU37VY5X0tHOVyBIaRzeH6bZvCmcOvwohMl0=
github.com/ntBre/chemutils v0.0.0-20200708145032-7141dea4c413/go.mod h1:j2ioRk174PRs3P3k3oNacdQuPFLmpPK/i9wIzCnWJWU=
github.com/ntBre/chemutils v0.0.0-20201103173019-8c3d9d2bfaca h1:rbLpmrLHBqiQhU8B5i3UV4mMoYQtCzoCUDg9jtOtraM=
github.com/ntBre/chemutils v0.0.0-20201103173019-8c3d9d2bfaca/go.mod h1:j2ioRk174PRs3P3k3oNacdQuPFLmpPK/i9wIzCnWJWU=
github.com/ntBre/chemutils v0.0.0-20201216195225-74839267b21b h1:vn5PvMT6JtUpIh47dIUo5u48xqPqDkR2aUSq+6ipuME=
github.com/ntBre/chemutils v0.0.0-20201216195225-74839267b21b/go.mod h1:j2ioRk174PRs3P3k3oNacdQuPFLmpPK/i9wIzCnWJWU=
github.com/ntBre/chemutils v0.0.0-20201216224109-4e58bda47ab5 h1:x9TZlGKV0TQ0mxMq4/V5JwrHMLxUq2kViqhstetVpHc=
github.com/ntBre/chemutils v0.0.0-20201216224109-4e58bda47ab5/go.mod h1:j2ioRk174PRs3P3k3oNacdQuPFLmpPK/i9wIzCnWJWU=
github.com/ntBre/chemutils v0.0.0-20201217150934-5349b2a0f25a h1:0/qpuhJ56dnGU7aWNzdoI8rhrN/UcAXZgfLHRejdVus=
github.com/ntBre/chemutils v0.0.0-20201217150934-5349b2a0f25a/go.mod h1:j2ioRk174PRs3P3k3oNacdQuPFLmpPK/i9wIzCnWJWU=
github.com/ntBre/chemutils v0.0.0-20201217170651-891d38b262cc h1:smuRIR0kCxZm9ORbrOQEL4eQFdtV7m/8NGUtY+XSl9M=
github.com/ntBre/chemutils v0.0.0-20201217170651-891d38b262cc/go.mod h1:j2ioRk174PRs3P3k3oNacdQuPFLmpPK/i9wIzCnWJWU=
github.com/ntBre/chemutils v0.0.0-20201217181723-efc1b5e87893 h1:wcO2nra9Pu5ksTsVCLb3ZALsBRaFjFTiPFfYxtb/NOg=
github.com/ntBre/chemutils v0.0.0-20201217181723-efc1b5e87893/go.mod h1:j2ioRk174PRs3P3k3oNacdQuPFLmpPK/i9wIzCnWJWU=
github.com/ntBre/chemutils v0.0.0-20201217184413-6f3f5c40f37d h1:ADzS8NcIx1orKQEt3rdWwF4zx0zX8BW+4ak/2who7M4=
github.com/ntBre/chemutils v0.0.0-20201217184413-6f3f5c40f37d/go.mod h1:j2ioRk174PRs3P3k3oNacdQuPFLmpPK/i9wIzCnWJWU=
github.com/ntBre/chemutils v0.0.0-20201217205837-79eb819e097c h1:tNVplU6W2dbWj805/BvNLBknJHQaZjMUAMgwFsUIG3I=
github.com/ntBre/chemutils v0.0.0-20201217205837-79eb819e097c/go.mod h1:j2ioRk174PRs3P3k3oNacdQuPFLmpPK/i9wIzCnWJWU=
